
Microsoft Visual Studio Solution File, Format Version 12.00
# Visual Studio Version 16
VisualStudioVersion = 16.0.29009.5
MinimumVisualStudioVersion = 10.0.40219.1
Project("{FAE04EC0-301F-11D3-BF4B-00C04F79EFBC}") = "Manager", "Manager\Manager.csproj", "{49448635-6C8B-4996-A72E-78C8178F72EC}"
EndProject
Global
	GlobalSection(SolutionConfigurationPlatforms) = preSolution
		Debug|Any CPU = Debug|Any CPU
		Release|Any CPU = Release|Any CPU
	EndGlobalSection
	GlobalSection(ProjectConfigurationPlatforms) = postSolution
		{49448635-6C8B-4996-A72E-78C8178F72EC}.Debug|Any CPU.ActiveCfg = Debug|Any CPU
		{49448635-6C8B-4996-A72E-78C8178F72EC}.Debug|Any CPU.Build.0 = Debug|Any CPU
		{49448635-6C8B-4996-A72E-78C8178F72EC}.Release|Any CPU.ActiveCfg = Release|Any CPU
		{49448635-6C8B-4996-A72E-78C8178F72EC}.Release|Any CPU.Build.0 = Release|Any CPU
	EndGlobalSection
	GlobalSection(SolutionProperties) = preSolution
		HideSolutionNode = FALSE
	EndGlobalSection
	GlobalSection(ExtensibilityGlobals) = postSolution
		SolutionGuid = {0BB16AA1-2239-4DC0-953E-106FC3E63E7D}
	EndGlobalSection
EndGlobal
